
Microsoft Visual Studio Solution File, Format Version 12.00
# Visual Studio 15
VisualStudioVersion = 15.0.26730.10
MinimumVisualStudioVersion = 10.0.40219.1
Project("{FAE04EC0-301F-11D3-BF4B-00C04F79EFBC}") = "DataSetWindowsFormsApp", "DataSetWindowsFormsApp\DataSetWindowsFormsApp.csproj", "{12EE0883-A536-47F3-A78F-9C50E516B482}"
EndProject
Global
	GlobalSection(SolutionConfigurationPlatforms) = preSolution
		Debug|Any CPU = Debug|Any CPU
		Release|Any CPU = Release|Any CPU
	EndGlobalSection
	GlobalSection(ProjectConfigurationPlatforms) = postSolution
		{12EE0883-A536-47F3-A78F-9C50E516B482}.Debug|Any CPU.ActiveCfg = Debug|Any CPU
		{12EE0883-A536-47F3-A78F-9C50E516B482}.Debug|Any CPU.Build.0 = Debug|Any CPU
		{12EE0883-A536-47F3-A78F-9C50E516B482}.Release|Any CPU.ActiveCfg = Release|Any CPU
		{12EE0883-A536-47F3-A78F-9C50E516B482}.Release|Any CPU.Build.0 = Release|Any CPU
	EndGlobalSection
	GlobalSection(SolutionProperties) = preSolution
		HideSolutionNode = FALSE
	EndGlobalSection
	GlobalSection(ExtensibilityGlobals) = postSolution
		SolutionGuid = {2734BD98-6DB0-464E-826A-FF058AA57D45}
	EndGlobalSection
EndGlobal
